
Microsoft Visual Studio Solution File, Format Version 12.00
# Visual Studio Version 17
VisualStudioVersion = 17.2.32519.379
MinimumVisualStudioVersion = 10.0.40219.1
Project("{FAE04EC0-301F-11D3-BF4B-00C04F79EFBC}") = "ChokoDonut", "ChokoDonut\ChokoDonut.csproj", "{E4719B6B-3FF6-4C06-A5C7-F99C1ADB26BF}"
EndProject
Project("{FAE04EC0-301F-11D3-BF4B-00C04F79EFBC}") = "ChokoDonut.Test", "ChokoDonut.Test\ChokoDonut.Test.csproj", "{54B2F422-679B-4F65-9EB9-ED46DBF798C3}"
EndProject
Global
	GlobalSection(SolutionConfigurationPlatforms) = preSolution
		Debug|Any CPU = Debug|Any CPU
		Release|Any CPU = Release|Any CPU
	EndGlobalSection
	GlobalSection(ProjectConfigurationPlatforms) = postSolution
		{E4719B6B-3FF6-4C06-A5C7-F99C1ADB26BF}.Debug|Any CPU.ActiveCfg = Debug|Any CPU
		{E4719B6B-3FF6-4C06-A5C7-F99C1ADB26BF}.Debug|Any CPU.Build.0 = Debug|Any CPU
		{E4719B6B-3FF6-4C06-A5C7-F99C1ADB26BF}.Release|Any CPU.ActiveCfg = Release|Any CPU
		{E4719B6B-3FF6-4C06-A5C7-F99C1ADB26BF}.Release|Any CPU.Build.0 = Release|Any CPU
		{54B2F422-679B-4F65-9EB9-ED46DBF798C3}.Debug|Any CPU.ActiveCfg = Debug|Any CPU
		{54B2F422-679B-4F65-9EB9-ED46DBF798C3}.Debug|Any CPU.Build.0 = Debug|Any CPU
		{54B2F422-679B-4F65-9EB9-ED46DBF798C3}.Release|Any CPU.ActiveCfg = Release|Any CPU
		{54B2F422-679B-4F65-9EB9-ED46DBF798C3}.Release|Any CPU.Build.0 = Release|Any CPU
	EndGlobalSection
	GlobalSection(SolutionProperties) = preSolution
		HideSolutionNode = FALSE
	EndGlobalSection
	GlobalSection(NestedProjects) = preSolution
	EndGlobalSection
	GlobalSection(ExtensibilityGlobals) = postSolution
		SolutionGuid = {587D0652-52E0-4A29-84A8-DE4C64FE1F02}
	EndGlobalSection
EndGlobal
